{
  "requires": true,
  "lockfileVersion": 1,
  "dependencies": {
    "@uirouter/angularjs": {
      "version": "1.0.13",
      "resolved": "https://registry.npmjs.org/@uirouter/angularjs/-/angularjs-1.0.13.tgz",
      "integrity": "sha512-SXsJJRgOkTZrugV1KOR8RDnXHCLY+DYFYCZYsGZpVuotrsuIPNIXNjLvbiYDlRaj9vwIMksPUeLrCoM0I1v8hw==",
      "requires": {
        "@uirouter/core": "5.0.14"
      }
    },
    "@uirouter/core": {
      "version": "5.0.14",
      "resolved": "https://registry.npmjs.org/@uirouter/core/-/core-5.0.14.tgz",
      "integrity": "sha512-wfNpvwmaVj4FU1QFtQRrr4xKtd79iA/O7Qf+prLCEZFFeBoKteBPxNmzsiD5lQXHhTK23WVabQ11lHsSincsjg=="
    },
    "angular": {
      "version": "1.6.8",
      "resolved": "https://registry.npmjs.org/angular/-/angular-1.6.8.tgz",
      "integrity": "sha512-9WErZIOw1Cu1V5Yxdvxz/6YpND8ntdP71fdPpufPFJvZodZXqCjQBYrHqEoMZreO5i84O3D/Jw/vepoFt68Azw=="
    },
    "angular-animate": {
      "version": "1.6.8",
      "resolved": "https://registry.npmjs.org/angular-animate/-/angular-animate-1.6.8.tgz",
      "integrity": "sha512-zKaq9vtJ+QPV6q159mJkb6uKa3SiTe0PXj+W9WO3cDhLly8LuQHYRteAAD3/SqlS7GMq2SFlJvs7VQduPJpUQw=="
    },
    "angular-aria": {
      "version": "1.6.8",
      "resolved": "https://registry.npmjs.org/angular-aria/-/angular-aria-1.6.8.tgz",
      "integrity": "sha512-pJ24MO23zJXBmJ0X/0jkz0DtWthXTahwe4oLCrrbT6Jxtspf+FCYNTkBeC1c3fv+CNGal69NRUUMuujuRyqzeg=="
    },
    "angular-material": {
      "version": "1.1.6",
      "resolved": "https://registry.npmjs.org/angular-material/-/angular-material-1.1.6.tgz",
      "integrity": "sha512-yXGccln2x2E9z9XSRED3I5k+n+MWLWCda7T4zPQvq6F1UF5zAncJMDT1sKfhUVN5/mN7R0kTThF1oXXXvOOfVg=="
    }
  }
}
